
Microsoft Visual Studio Solution File, Format Version 12.00
Project("{FAE04EC0-301F-11D3-BF4B-00C04F79EFBC}") = "Contacts.Domain", "Contacts.Domain\Contacts.Domain.csproj", "{CC718F7D-E3DF-4794-8393-DB2EE338F8DA}"
EndProject
Project("{FAE04EC0-301F-11D3-BF4B-00C04F79EFBC}") = "Contacts.Persistence", "Contacts.Persistence\Contacts.Persistence.csproj", "{B093C0CC-B8A6-4268-9879-2DEBAEC250E2}"
EndProject
Project("{FAE04EC0-301F-11D3-BF4B-00C04F79EFBC}") = "Contacts.Logic", "Contacts.Logic\Contacts.Logic.csproj", "{D0673B5B-552A-4457-8DC9-336C611AE9B0}"
EndProject
Project("{FAE04EC0-301F-11D3-BF4B-00C04F79EFBC}") = "Contacts.API", "Contacts.API\Contacts.API.csproj", "{A701BDE5-FD9C-4A70-9B28-6E6DE5C8616B}"
EndProject
Global
	GlobalSection(SolutionConfigurationPlatforms) = preSolution
		Debug|Any CPU = Debug|Any CPU
		Release|Any CPU = Release|Any CPU
	EndGlobalSection
	GlobalSection(ProjectConfigurationPlatforms) = postSolution
		{CC718F7D-E3DF-4794-8393-DB2EE338F8DA}.Debug|Any CPU.ActiveCfg = Debug|Any CPU
		{CC718F7D-E3DF-4794-8393-DB2EE338F8DA}.Debug|Any CPU.Build.0 = Debug|Any CPU
		{CC718F7D-E3DF-4794-8393-DB2EE338F8DA}.Release|Any CPU.ActiveCfg = Release|Any CPU
		{CC718F7D-E3DF-4794-8393-DB2EE338F8DA}.Release|Any CPU.Build.0 = Release|Any CPU
		{B093C0CC-B8A6-4268-9879-2DEBAEC250E2}.Debug|Any CPU.ActiveCfg = Debug|Any CPU
		{B093C0CC-B8A6-4268-9879-2DEBAEC250E2}.Debug|Any CPU.Build.0 = Debug|Any CPU
		{B093C0CC-B8A6-4268-9879-2DEBAEC250E2}.Release|Any CPU.ActiveCfg = Release|Any CPU
		{B093C0CC-B8A6-4268-9879-2DEBAEC250E2}.Release|Any CPU.Build.0 = Release|Any CPU
		{D0673B5B-552A-4457-8DC9-336C611AE9B0}.Debug|Any CPU.ActiveCfg = Debug|Any CPU
		{D0673B5B-552A-4457-8DC9-336C611AE9B0}.Debug|Any CPU.Build.0 = Debug|Any CPU
		{D0673B5B-552A-4457-8DC9-336C611AE9B0}.Release|Any CPU.ActiveCfg = Release|Any CPU
		{D0673B5B-552A-4457-8DC9-336C611AE9B0}.Release|Any CPU.Build.0 = Release|Any CPU
		{A701BDE5-FD9C-4A70-9B28-6E6DE5C8616B}.Debug|Any CPU.ActiveCfg = Debug|Any CPU
		{A701BDE5-FD9C-4A70-9B28-6E6DE5C8616B}.Debug|Any CPU.Build.0 = Debug|Any CPU
		{A701BDE5-FD9C-4A70-9B28-6E6DE5C8616B}.Release|Any CPU.ActiveCfg = Release|Any CPU
		{A701BDE5-FD9C-4A70-9B28-6E6DE5C8616B}.Release|Any CPU.Build.0 = Release|Any CPU
	EndGlobalSection
EndGlobal
